// !$*UTF8*$!
{
	archiveVersion = 1;
	classes = {
	};
	objectVersion = 56;
	objects = {

/* Begin PBXBuildFile section */
		29142CD22AAC6BBA006083D0 /* ContextMonitoringApplicationApp.swift in Sources */ = {isa = PBXBuildFile; fileRef = 29142CD12AAC6BBA006083D0 /* ContextMonitoringApplicationApp.swift */; };
		29142CD62AAC6BBB006083D0 /* Assets.xcassets in Resources */ = {isa = PBXBuildFile; fileRef = 29142CD52AAC6BBB006083D0 /* Assets.xcassets */; };
		29142CD92AAC6BBB006083D0 /* Preview Assets.xcassets in Resources */ = {isa = PBXBuildFile; fileRef = 29142CD82AAC6BBB006083D0 /* Preview Assets.xcassets */; };
		29142CDB2AAC6BBB006083D0 /* Persistence.swift in Sources */ = {isa = PBXBuildFile; fileRef = 29142CDA2AAC6BBB006083D0 /* Persistence.swift */; };
		29142CDE2AAC6BBB006083D0 /* ContextMonitoringApplication.xcdatamodeld in Sources */ = {isa = PBXBuildFile; fileRef = 29142CDC2AAC6BBB006083D0 /* ContextMonitoringApplication.xcdatamodeld */; };
		29142CEE2AAC6D03006083D0 /* SymptomsView.swift in Sources */ = {isa = PBXBuildFile; fileRef = 29142CED2AAC6D03006083D0 /* SymptomsView.swift */; };
		29142CF02AAC6D0D006083D0 /* HistoryView.swift in Sources */ = {isa = PBXBuildFile; fileRef = 29142CEF2AAC6D0D006083D0 /* HistoryView.swift */; };
		29142CF22AAC6D14006083D0 /* HomeView.swift in Sources */ = {isa = PBXBuildFile; fileRef = 29142CF12AAC6D14006083D0 /* HomeView.swift */; };
		29142CF42AAC6D33006083D0 /* VideoPicker.swift in Sources */ = {isa = PBXBuildFile; fileRef = 29142CF32AAC6D33006083D0 /* VideoPicker.swift */; };
/* End PBXBuildFile section */

/* Begin PBXFileReference section */
		29142CCE2AAC6BBA006083D0 /* ContextMonitoringApplication.app */ = {isa = PBXFileReference; explicitFileType = wrapper.application; includeInIndex = 0; path = ContextMonitoringApplication.app; sourceTree = BUILT_PRODUCTS_DIR; };
		29142CD12AAC6BBA006083D0 /* ContextMonitoringApplicationApp.swift */ = {isa = PBXFileReference; lastKnownFileType = sourcecode.swift; path = ContextMonitoringApplicationApp.swift; sourceTree = "<group>"; };
		29142CD52AAC6BBB006083D0 /* Assets.xcassets */ = {isa = PBXFileReference; lastKnownFileType = folder.assetcatalog; path = Assets.xcassets; sourceTree = "<group>"; };
		29142CD82AAC6BBB006083D0 /* Preview Assets.xcassets */ = {isa = PBXFileReference; lastKnownFileType = folder.assetcatalog; path = "Preview Assets.xcassets"; sourceTree = "<group>"; };
		29142CDA2AAC6BBB006083D0 /* Persistence.swift */ = {isa = PBXFileReference; lastKnownFileType = sourcecode.swift; path = Persistence.swift; sourceTree = "<group>"; };
		29142CDD2AAC6BBB006083D0 /* ContextMonitoringApplication.xcdatamodel */ = {isa = PBXFileReference; lastKnownFileType = wrapper.xcdatamodel; path = ContextMonitoringApplication.xcdatamodel; sourceTree = "<group>"; };
		29142CED2AAC6D03006083D0 /* SymptomsView.swift */ = {isa = PBXFileReference; lastKnownFileType = sourcecode.swift; path = SymptomsView.swift; sourceTree = "<group>"; };
		29142CEF2AAC6D0D006083D0 /* HistoryView.swift */ = {isa = PBXFileReference; lastKnownFileType = sourcecode.swift; path = HistoryView.swift; sourceTree = "<group>"; };
		29142CF12AAC6D14006083D0 /* HomeView.swift */ = {isa = PBXFileReference; lastKnownFileType = sourcecode.swift; path = HomeView.swift; sourceTree = "<group>"; };
		29142CF32AAC6D33006083D0 /* VideoPicker.swift */ = {isa = PBXFileReference; lastKnownFileType = sourcecode.swift; path = VideoPicker.swift; sourceTree = "<group>"; };
/* End PBXFileReference section */

/* Begin PBXFrameworksBuildPhase section */
		29142CCB2AAC6BBA006083D0 /* Frameworks */ = {
			isa = PBXFrameworksBuildPhase;
			buildActionMask = 2147483647;
			files = (
			);
			runOnlyForDeploymentPostprocessing = 0;
		};
/* End PBXFrameworksBuildPhase section */

/* Begin PBXGroup section */
		29142CC52AAC6BBA006083D0 = {
			isa = PBXGroup;
			children = (
				29142CD02AAC6BBA006083D0 /* ContextMonitoringApplication */,
				29142CCF2AAC6BBA006083D0 /* Products */,
			);
			sourceTree = "<group>";
		};
		29142CCF2AAC6BBA006083D0 /* Products */ = {
			isa = PBXGroup;
			children = (
				29142CCE2AAC6BBA006083D0 /* ContextMonitoringApplication.app */,
			);
			name = Products;
			sourceTree = "<group>";
		};
		29142CD02AAC6BBA006083D0 /* ContextMonitoringApplication */ = {
			isa = PBXGroup;
			children = (
				29142CE62AAC6CA1006083D0 /* Resources */,
				29142CE52AAC6C81006083D0 /* Core */,
				29142CE42AAC6C75006083D0 /* App */,
				29142CDA2AAC6BBB006083D0 /* Persistence.swift */,
				29142CD72AAC6BBB006083D0 /* Preview Content */,
			);
			path = ContextMonitoringApplication;
			sourceTree = "<group>";
		};
		29142CD72AAC6BBB006083D0 /* Preview Content */ = {
			isa = PBXGroup;
			children = (
				29142CD82AAC6BBB006083D0 /* Preview Assets.xcassets */,
			);
			path = "Preview Content";
			sourceTree = "<group>";
		};
		29142CE42AAC6C75006083D0 /* App */ = {
			isa = PBXGroup;
			children = (
				29142CD12AAC6BBA006083D0 /* ContextMonitoringApplicationApp.swift */,
			);
			path = App;
			sourceTree = "<group>";
		};
		29142CE52AAC6C81006083D0 /* Core */ = {
			isa = PBXGroup;
			children = (
				29142CE92AAC6CCA006083D0 /* Home */,
				29142CE82AAC6CBA006083D0 /* History */,
				29142CE72AAC6CB3006083D0 /* Symptoms */,
			);
			path = Core;
			sourceTree = "<group>";
		};
		29142CE62AAC6CA1006083D0 /* Resources */ = {
			isa = PBXGroup;
			children = (
				29142CD52AAC6BBB006083D0 /* Assets.xcassets */,
				29142CDC2AAC6BBB006083D0 /* ContextMonitoringApplication.xcdatamodeld */,
			);
			path = Resources;
			sourceTree = "<group>";
		};
		29142CE72AAC6CB3006083D0 /* Symptoms */ = {
			isa = PBXGroup;
			children = (
				29142CEC2AAC6CE2006083D0 /* Views */,
			);
			path = Symptoms;
			sourceTree = "<group>";
		};
		29142CE82AAC6CBA006083D0 /* History */ = {
			isa = PBXGroup;
			children = (
				29142CEB2AAC6CDF006083D0 /* Views */,
			);
			path = History;
			sourceTree = "<group>";
		};
		29142CE92AAC6CCA006083D0 /* Home */ = {
			isa = PBXGroup;
			children = (
				29142CEA2AAC6CCF006083D0 /* Views */,
			);
			path = Home;
			sourceTree = "<group>";
		};
		29142CEA2AAC6CCF006083D0 /* Views */ = {
			isa = PBXGroup;
			children = (
				29142CF12AAC6D14006083D0 /* HomeView.swift */,
				29142CF32AAC6D33006083D0 /* VideoPicker.swift */,
			);
			path = Views;
			sourceTree = "<group>";
		};
		29142CEB2AAC6CDF006083D0 /* Views */ = {
			isa = PBXGroup;
			children = (
				29142CEF2AAC6D0D006083D0 /* HistoryView.swift */,
			);
			path = Views;
			sourceTree = "<group>";
		};
		29142CEC2AAC6CE2006083D0 /* Views */ = {
			isa = PBXGroup;
			children = (
				29142CED2AAC6D03006083D0 /* SymptomsView.swift */,
			);
			path = Views;
			sourceTree = "<group>";
		};
/* End PBXGroup section */

/* Begin PBXNativeTarget section */
		29142CCD2AAC6BBA006083D0 /* ContextMonitoringApplication */ = {
			isa = PBXNativeTarget;
			buildConfigurationList = 29142CE12AAC6BBB006083D0 /* Build configuration list for PBXNativeTarget "ContextMonitoringApplication" */;
			buildPhases = (
				29142CCA2AAC6BBA006083D0 /* Sources */,
				29142CCB2AAC6BBA006083D0 /* Frameworks */,
				29142CCC2AAC6BBA006083D0 /* Resources */,
			);
			buildRules = (
			);
			dependencies = (
			);
			name = ContextMonitoringApplication;
			productName = ContextMonitoringApplication;
			productReference = 29142CCE2AAC6BBA006083D0 /* ContextMonitoringApplication.app */;
			productType = "com.apple.product-type.application";
		};
/* End PBXNativeTarget section */

/* Begin PBXProject section */
		29142CC62AAC6BBA006083D0 /* Project object */ = {
			isa = PBXProject;
			attributes = {
				BuildIndependentTargetsInParallel = 1;
				LastSwiftUpdateCheck = 1430;
				LastUpgradeCheck = 1430;
				TargetAttributes = {
					29142CCD2AAC6BBA006083D0 = {
						CreatedOnToolsVersion = 14.3.1;
					};
				};
			};
			buildConfigurationList = 29142CC92AAC6BBA006083D0 /* Build configuration list for PBXProject "ContextMonitoringApplication" */;
			compatibilityVersion = "Xcode 14.0";
			developmentRegion = en;
			hasScannedForEncodings = 0;
			knownRegions = (
				en,
				Base,
			);
			mainGroup = 29142CC52AAC6BBA006083D0;
			productRefGroup = 29142CCF2AAC6BBA006083D0 /* Products */;
			projectDirPath = "";
			projectRoot = "";
			targets = (
				29142CCD2AAC6BBA006083D0 /* ContextMonitoringApplication */,
			);
		};
/* End PBXProject section */

/* Begin PBXResourcesBuildPhase section */
		29142CCC2AAC6BBA006083D0 /* Resources */ = {
			isa = PBXResourcesBuildPhase;
			buildActionMask = 2147483647;
			files = (
				29142CD92AAC6BBB006083D0 /* Preview Assets.xcassets in Resources */,
				29142CD62AAC6BBB006083D0 /* Assets.xcassets in Resources */,
			);
			runOnlyForDeploymentPostprocessing = 0;
		};
/* End PBXResourcesBuildPhase section */

/* Begin PBXSourcesBuildPhase section */
		29142CCA2AAC6BBA006083D0 /* Sources */ = {
			isa = PBXSourcesBuildPhase;
			buildActionMask = 2147483647;
			files = (
				29142CDE2AAC6BBB006083D0 /* ContextMonitoringApplication.xcdatamodeld in Sources */,
				29142CF42AAC6D33006083D0 /* VideoPicker.swift in Sources */,
				29142CF22AAC6D14006083D0 /* HomeView.swift in Sources */,
				29142CF02AAC6D0D006083D0 /* HistoryView.swift in Sources */,
				29142CEE2AAC6D03006083D0 /* SymptomsView.swift in Sources */,
				29142CDB2AAC6BBB006083D0 /* Persistence.swift in Sources */,
				29142CD22AAC6BBA006083D0 /* ContextMonitoringApplicationApp.swift in Sources */,
			);
			runOnlyForDeploymentPostprocessing = 0;
		};
/* End PBXSourcesBuildPhase section */

/* Begin XCBuildConfiguration section */
		29142CDF2AAC6BBB006083D0 /* Debug */ = {
			isa = XCBuildConfiguration;
			buildSettings = {
				ALWAYS_SEARCH_USER_PATHS = NO;
				CLANG_ANALYZER_NONNULL = YES;
				CLANG_ANALYZER_NUMBER_OBJECT_CONVERSION = YES_AGGRESSIVE;
				CLANG_CXX_LANGUAGE_STANDARD = "gnu++20";
				CLANG_ENABLE_MODULES = YES;
				CLANG_ENABLE_OBJC_ARC = YES;
				CLANG_ENABLE_OBJC_WEAK = YES;
				CLANG_WARN_BLOCK_CAPTURE_AUTORELEASING = YES;
				CLANG_WARN_BOOL_CONVERSION = YES;
				CLANG_WARN_COMMA = YES;
				CLANG_WARN_CONSTANT_CONVERSION = YES;
				CLANG_WARN_DEPRECATED_OBJC_IMPLEMENTATIONS = YES;
				CLANG_WARN_DIRECT_OBJC_ISA_USAGE = YES_ERROR;
				CLANG_WARN_DOCUMENTATION_COMMENTS = YES;
				CLANG_WARN_EMPTY_BODY = YES;
				CLANG_WARN_ENUM_CONVERSION = YES;
				CLANG_WARN_INFINITE_RECURSION = YES;
				CLANG_WARN_INT_CONVERSION = YES;
				CLANG_WARN_NON_LITERAL_NULL_CONVERSION = YES;
				CLANG_WARN_OBJC_IMPLICIT_RETAIN_SELF = YES;
				CLANG_WARN_OBJC_LITERAL_CONVERSION = YES;
				CLANG_WARN_OBJC_ROOT_CLASS = YES_ERROR;
				CLANG_WARN_QUOTED_INCLUDE_IN_FRAMEWORK_HEADER = YES;
				CLANG_WARN_RANGE_LOOP_ANALYSIS = YES;
				CLANG_WARN_STRICT_PROTOTYPES = YES;
				CLANG_WARN_SUSPICIOUS_MOVE = YES;
				CLANG_WARN_UNGUARDED_AVAILABILITY = YES_AGGRESSIVE;
				CLANG_WARN_UNREACHABLE_CODE = YES;
				CLANG_WARN__DUPLICATE_METHOD_MATCH = YES;
				COPY_PHASE_STRIP = NO;
				DEBUG_INFORMATION_FORMAT = dwarf;
				ENABLE_STRICT_OBJC_MSGSEND = YES;
				ENABLE_TESTABILITY = YES;
				GCC_C_LANGUAGE_STANDARD = gnu11;
				GCC_DYNAMIC_NO_PIC = NO;
				GCC_NO_COMMON_BLOCKS = YES;
				GCC_OPTIMIZATION_LEVEL = 0;
				GCC_PREPROCESSOR_DEFINITIONS = (
					"DEBUG=1",
					"$(inherited)",
				);
				GCC_WARN_64_TO_32_BIT_CONVERSION = YES;
				GCC_WARN_ABOUT_RETURN_TYPE = YES_ERROR;
				GCC_WARN_UNDECLARED_SELECTOR = YES;
				GCC_WARN_UNINITIALIZED_AUTOS = YES_AGGRESSIVE;
				GCC_WARN_UNUSED_FUNCTION = YES;
				GCC_WARN_UNUSED_VARIABLE = YES;
				IPHONEOS_DEPLOYMENT_TARGET = 16.4;
				MTL_ENABLE_DEBUG_INFO = INCLUDE_SOURCE;
				MTL_FAST_MATH = YES;
				ONLY_ACTIVE_ARCH = YES;
				SDKROOT = iphoneos;
				SWIFT_ACTIVE_COMPILATION_CONDITIONS = DEBUG;
				SWIFT_OPTIMIZATION_LEVEL = "-Onone";
			};
			name = Debug;
		};
		29142CE02AAC6BBB006083D0 /* Release */ = {
			isa = XCBuildConfiguration;
			buildSettings = {
				ALWAYS_SEARCH_USER_PATHS = NO;
				CLANG_ANALYZER_NONNULL = YES;
				CLANG_ANALYZER_NUMBER_OBJECT_CONVERSION = YES_AGGRESSIVE;
				CLANG_CXX_LANGUAGE_STANDARD = "gnu++20";
				CLANG_ENABLE_MODULES = YES;
				CLANG_ENABLE_OBJC_ARC = YES;
				CLANG_ENABLE_OBJC_WEAK = YES;
				CLANG_WARN_BLOCK_CAPTURE_AUTORELEASING = YES;
				CLANG_WARN_BOOL_CONVERSION = YES;
				CLANG_WARN_COMMA = YES;
				CLANG_WARN_CONSTANT_CONVERSION = YES;
				CLANG_WARN_DEPRECATED_OBJC_IMPLEMENTATIONS = YES;
				CLANG_WARN_DIRECT_OBJC_ISA_USAGE = YES_ERROR;
				CLANG_WARN_DOCUMENTATION_COMMENTS = YES;
				CLANG_WARN_EMPTY_BODY = YES;
				CLANG_WARN_ENUM_CONVERSION = YES;
				CLANG_WARN_INFINITE_RECURSION = YES;
				CLANG_WARN_INT_CONVERSION = YES;
				CLANG_WARN_NON_LITERAL_NULL_CONVERSION = YES;
				CLANG_WARN_OBJC_IMPLICIT_RETAIN_SELF = YES;
				CLANG_WARN_OBJC_LITERAL_CONVERSION = YES;
				CLANG_WARN_OBJC_ROOT_CLASS = YES_ERROR;
				CLANG_WARN_QUOTED_INCLUDE_IN_FRAMEWORK_HEADER = YES;
				CLANG_WARN_RANGE_LOOP_ANALYSIS = YES;
				CLANG_WARN_STRICT_PROTOTYPES = YES;
				CLANG_WARN_SUSPICIOUS_MOVE = YES;
				CLANG_WARN_UNGUARDED_AVAILABILITY = YES_AGGRESSIVE;
				CLANG_WARN_UNREACHABLE_CODE = YES;
				CLANG_WARN__DUPLICATE_METHOD_MATCH = YES;
				COPY_PHASE_STRIP = NO;
				DEBUG_INFORMATION_FORMAT = "dwarf-with-dsym";
				ENABLE_NS_ASSERTIONS = NO;
				ENABLE_STRICT_OBJC_MSGSEND = YES;
				GCC_C_LANGUAGE_STANDARD = gnu11;
				GCC_NO_COMMON_BLOCKS = YES;
				GCC_WARN_64_TO_32_BIT_CONVERSION = YES;
				GCC_WARN_ABOUT_RETURN_TYPE = YES_ERROR;
				GCC_WARN_UNDECLARED_SELECTOR = YES;
				GCC_WARN_UNINITIALIZED_AUTOS = YES_AGGRESSIVE;
				GCC_WARN_UNUSED_FUNCTION = YES;
				GCC_WARN_UNUSED_VARIABLE = YES;
				IPHONEOS_DEPLOYMENT_TARGET = 16.4;
				MTL_ENABLE_DEBUG_INFO = NO;
				MTL_FAST_MATH = YES;
				SDKROOT = iphoneos;
				SWIFT_COMPILATION_MODE = wholemodule;
				SWIFT_OPTIMIZATION_LEVEL = "-O";
				VALIDATE_PRODUCT = YES;
			};
			name = Release;
		};
		29142CE22AAC6BBB006083D0 /* Debug */ = {
			isa = XCBuildConfiguration;
			buildSettings = {
				ASSETCATALOG_COMPILER_APPICON_NAME = AppIcon;
				ASSETCATALOG_COMPILER_GLOBAL_ACCENT_COLOR_NAME = AccentColor;
				CODE_SIGN_STYLE = Automatic;
				CURRENT_PROJECT_VERSION = 1;
				DEVELOPMENT_ASSET_PATHS = "\"ContextMonitoringApplication/Preview Content\"";
				ENABLE_PREVIEWS = YES;
				GENERATE_INFOPLIST_FILE = YES;
				INFOPLIST_KEY_UIApplicationSceneManifest_Generation = YES;
				INFOPLIST_KEY_UIApplicationSupportsIndirectInputEvents = YES;
				INFOPLIST_KEY_UILaunchScreen_Generation = YES;
				INFOPLIST_KEY_UISupportedInterfaceOrientations_iPad = "UIInterfaceOrientationPortrait UIInterfaceOrientationPortraitUpsideDown UIInterfaceOrientationLandscapeLeft UIInterfaceOrientationLandscapeRight";
				INFOPLIST_KEY_UISupportedInterfaceOrientations_iPhone = "UIInterfaceOrientationPortrait UIInterfaceOrientationLandscapeLeft UIInterfaceOrientationLandscapeRight";
				LD_RUNPATH_SEARCH_PATHS = (
					"$(inherited)",
					"@executable_path/Frameworks",
				);
				MARKETING_VERSION = 1.0;
				PRODUCT_BUNDLE_IDENTIFIER = com.shawn.ContextMonitoringApplication;
				PRODUCT_NAME = "$(TARGET_NAME)";
				SWIFT_EMIT_LOC_STRINGS = YES;
				SWIFT_VERSION = 5.0;
				TARGETED_DEVICE_FAMILY = "1,2";
			};
			name = Debug;
		};
		29142CE32AAC6BBB006083D0 /* Release */ = {
			isa = XCBuildConfiguration;
			buildSettings = {
				ASSETCATALOG_COMPILER_APPICON_NAME = AppIcon;
				ASSETCATALOG_COMPILER_GLOBAL_ACCENT_COLOR_NAME = AccentColor;
				CODE_SIGN_STYLE = Automatic;
				CURRENT_PROJECT_VERSION = 1;
				DEVELOPMENT_ASSET_PATHS = "\"ContextMonitoringApplication/Preview Content\"";
				ENABLE_PREVIEWS = YES;
				GENERATE_INFOPLIST_FILE = YES;
				INFOPLIST_KEY_UIApplicationSceneManifest_Generation = YES;
				INFOPLIST_KEY_UIApplicationSupportsIndirectInputEvents = YES;
				INFOPLIST_KEY_UILaunchScreen_Generation = YES;
				INFOPLIST_KEY_UISupportedInterfaceOrientations_iPad = "UIInterfaceOrientationPortrait UIInterfaceOrientationPortraitUpsideDown UIInterfaceOrientationLandscapeLeft UIInterfaceOrientationLandscapeRight";
				INFOPLIST_KEY_UISupportedInterfaceOrientations_iPhone = "UIInterfaceOrientationPortrait UIInterfaceOrientationLandscapeLeft UIInterfaceOrientationLandscapeRight";
				LD_RUNPATH_SEARCH_PATHS = (
					"$(inherited)",
					"@executable_path/Frameworks",
				);
				MARKETING_VERSION = 1.0;
				PRODUCT_BUNDLE_IDENTIFIER = com.shawn.ContextMonitoringApplication;
				PRODUCT_NAME = "$(TARGET_NAME)";
				SWIFT_EMIT_LOC_STRINGS = YES;
				SWIFT_VERSION = 5.0;
				TARGETED_DEVICE_FAMILY = "1,2";
			};
			name = Release;
		};
/* End XCBuildConfiguration section */

/* Begin XCConfigurationList section */
		29142CC92AAC6BBA006083D0 /* Build configuration list for PBXProject "ContextMonitoringApplication" */ = {
			isa = XCConfigurationList;
			buildConfigurations = (
				29142CDF2AAC6BBB006083D0 /* Debug */,
				29142CE02AAC6BBB006083D0 /* Release */,
			);
			defaultConfigurationIsVisible = 0;
			defaultConfigurationName = Release;
		};
		29142CE12AAC6BBB006083D0 /* Build configuration list for PBXNativeTarget "ContextMonitoringApplication" */ = {
			isa = XCConfigurationList;
			buildConfigurations = (
				29142CE22AAC6BBB006083D0 /* Debug */,
				29142CE32AAC6BBB006083D0 /* Release */,
			);
			defaultConfigurationIsVisible = 0;
			defaultConfigurationName = Release;
		};
/* End XCConfigurationList section */

/* Begin XCVersionGroup section */
		29142CDC2AAC6BBB006083D0 /* ContextMonitoringApplication.xcdatamodeld */ = {
			isa = XCVersionGroup;
			children = (
				29142CDD2AAC6BBB006083D0 /* ContextMonitoringApplication.xcdatamodel */,
			);
			currentVersion = 29142CDD2AAC6BBB006083D0 /* ContextMonitoringApplication.xcdatamodel */;
			path = ContextMonitoringApplication.xcdatamodeld;
			sourceTree = "<group>";
			versionGroupType = wrapper.xcdatamodel;
		};
/* End XCVersionGroup section */
	};
	rootObject = 29142CC62AAC6BBA006083D0 /* Project object */;
}
